// !$*UTF8*$!
{
	archiveVersion = 1;
	classes = {
	};
	objectVersion = 55;
	objects = {

/* Begin PBXBuildFile section */
		8C3DCD9B27AD57D60061E723 /* SectionContactListView.swift in Sources */ = {isa = PBXBuildFile; fileRef = 8C3DCD9A27AD57D50061E723 /* SectionContactListView.swift */; };
		8CB0ECC027AC051B0037716B /* Home_Work_3_5__ListsApp.swift in Sources */ = {isa = PBXBuildFile; fileRef = 8CB0ECBF27AC051B0037716B /* Home_Work_3_5__ListsApp.swift */; };
		8CB0ECC227AC051B0037716B /* ContentView.swift in Sources */ = {isa = PBXBuildFile; fileRef = 8CB0ECC127AC051B0037716B /* ContentView.swift */; };
		8CB0ECC427AC05220037716B /* Assets.xcassets in Resources */ = {isa = PBXBuildFile; fileRef = 8CB0ECC327AC05220037716B /* Assets.xcassets */; };
		8CB0ECC727AC05220037716B /* Preview Assets.xcassets in Resources */ = {isa = PBXBuildFile; fileRef = 8CB0ECC627AC05220037716B /* Preview Assets.xcassets */; };
		8CB0ECCE27AC06740037716B /* DataManager.swift in Sources */ = {isa = PBXBuildFile; fileRef = 8CB0ECCD27AC06740037716B /* DataManager.swift */; };
		8CB0ECD027AC07950037716B /* Person.swift in Sources */ = {isa = PBXBuildFile; fileRef = 8CB0ECCF27AC07950037716B /* Person.swift */; };
		8CB0ECD227AC0CD80037716B /* PersonsListView.swift in Sources */ = {isa = PBXBuildFile; fileRef = 8CB0ECD127AC0CD80037716B /* PersonsListView.swift */; };
		8CEA4F7A27AD354F0077E286 /* DetailInfoRowView.swift in Sources */ = {isa = PBXBuildFile; fileRef = 8CEA4F7927AD354F0077E286 /* DetailInfoRowView.swift */; };
		8CF4C3FF27AC7F0100EE1240 /* ContactListInfoView.swift in Sources */ = {isa = PBXBuildFile; fileRef = 8CF4C3FE27AC7F0100EE1240 /* ContactListInfoView.swift */; };
/* End PBXBuildFile section */

/* Begin PBXFileReference section */
		8C3DCD9A27AD57D50061E723 /* SectionContactListView.swift */ = {isa = PBXFileReference; lastKnownFileType = sourcecode.swift; path = SectionContactListView.swift; sourceTree = "<group>"; };
		8CB0ECBC27AC051B0037716B /* Home Work 3.5. Lists.app */ = {isa = PBXFileReference; explicitFileType = wrapper.application; includeInIndex = 0; path = "Home Work 3.5. Lists.app"; sourceTree = BUILT_PRODUCTS_DIR; };
		8CB0ECBF27AC051B0037716B /* Home_Work_3_5__ListsApp.swift */ = {isa = PBXFileReference; lastKnownFileType = sourcecode.swift; path = Home_Work_3_5__ListsApp.swift; sourceTree = "<group>"; };
		8CB0ECC127AC051B0037716B /* ContentView.swift */ = {isa = PBXFileReference; lastKnownFileType = sourcecode.swift; path = ContentView.swift; sourceTree = "<group>"; };
		8CB0ECC327AC05220037716B /* Assets.xcassets */ = {isa = PBXFileReference; lastKnownFileType = folder.assetcatalog; path = Assets.xcassets; sourceTree = "<group>"; };
		8CB0ECC627AC05220037716B /* Preview Assets.xcassets */ = {isa = PBXFileReference; lastKnownFileType = folder.assetcatalog; path = "Preview Assets.xcassets"; sourceTree = "<group>"; };
		8CB0ECCD27AC06740037716B /* DataManager.swift */ = {isa = PBXFileReference; lastKnownFileType = sourcecode.swift; path = DataManager.swift; sourceTree = "<group>"; };
		8CB0ECCF27AC07950037716B /* Person.swift */ = {isa = PBXFileReference; lastKnownFileType = sourcecode.swift; path = Person.swift; sourceTree = "<group>"; };
		8CB0ECD127AC0CD80037716B /* PersonsListView.swift */ = {isa = PBXFileReference; lastKnownFileType = sourcecode.swift; path = PersonsListView.swift; sourceTree = "<group>"; };
		8CEA4F7927AD354F0077E286 /* DetailInfoRowView.swift */ = {isa = PBXFileReference; lastKnownFileType = sourcecode.swift; path = DetailInfoRowView.swift; sourceTree = "<group>"; };
		8CF4C3FE27AC7F0100EE1240 /* ContactListInfoView.swift */ = {isa = PBXFileReference; lastKnownFileType = sourcecode.swift; path = ContactListInfoView.swift; sourceTree = "<group>"; };
/* End PBXFileReference section */

/* Begin PBXFrameworksBuildPhase section */
		8CB0ECB927AC051B0037716B /* Frameworks */ = {
			isa = PBXFrameworksBuildPhase;
			buildActionMask = 2147483647;
			files = (
			);
			runOnlyForDeploymentPostprocessing = 0;
		};
/* End PBXFrameworksBuildPhase section */

/* Begin PBXGroup section */
		8C3DCD9927AD578D0061E723 /* Views */ = {
			isa = PBXGroup;
			children = (
				8CB0ECC127AC051B0037716B /* ContentView.swift */,
				8CB0ECD127AC0CD80037716B /* PersonsListView.swift */,
				8CF4C3FE27AC7F0100EE1240 /* ContactListInfoView.swift */,
				8CEA4F7927AD354F0077E286 /* DetailInfoRowView.swift */,
				8C3DCD9A27AD57D50061E723 /* SectionContactListView.swift */,
			);
			path = Views;
			sourceTree = "<group>";
		};
		8CB0ECB327AC051B0037716B = {
			isa = PBXGroup;
			children = (
				8CB0ECBE27AC051B0037716B /* Home Work 3.5. Lists */,
				8CB0ECBD27AC051B0037716B /* Products */,
			);
			sourceTree = "<group>";
		};
		8CB0ECBD27AC051B0037716B /* Products */ = {
			isa = PBXGroup;
			children = (
				8CB0ECBC27AC051B0037716B /* Home Work 3.5. Lists.app */,
			);
			name = Products;
			sourceTree = "<group>";
		};
		8CB0ECBE27AC051B0037716B /* Home Work 3.5. Lists */ = {
			isa = PBXGroup;
			children = (
				8CB0ECBF27AC051B0037716B /* Home_Work_3_5__ListsApp.swift */,
				8C3DCD9927AD578D0061E723 /* Views */,
				8CB0ECCD27AC06740037716B /* DataManager.swift */,
				8CB0ECCF27AC07950037716B /* Person.swift */,
				8CB0ECC327AC05220037716B /* Assets.xcassets */,
				8CB0ECC527AC05220037716B /* Preview Content */,
			);
			path = "Home Work 3.5. Lists";
			sourceTree = "<group>";
		};
		8CB0ECC527AC05220037716B /* Preview Content */ = {
			isa = PBXGroup;
			children = (
				8CB0ECC627AC05220037716B /* Preview Assets.xcassets */,
			);
			path = "Preview Content";
			sourceTree = "<group>";
		};
/* End PBXGroup section */

/* Begin PBXNativeTarget section */
		8CB0ECBB27AC051B0037716B /* Home Work 3.5. Lists */ = {
			isa = PBXNativeTarget;
			buildConfigurationList = 8CB0ECCA27AC05220037716B /* Build configuration list for PBXNativeTarget "Home Work 3.5. Lists" */;
			buildPhases = (
				8CB0ECB827AC051B0037716B /* Sources */,
				8CB0ECB927AC051B0037716B /* Frameworks */,
				8CB0ECBA27AC051B0037716B /* Resources */,
			);
			buildRules = (
			);
			dependencies = (
			);
			name = "Home Work 3.5. Lists";
			productName = "Home Work 3.5. Lists";
			productReference = 8CB0ECBC27AC051B0037716B /* Home Work 3.5. Lists.app */;
			productType = "com.apple.product-type.application";
		};
/* End PBXNativeTarget section */

/* Begin PBXProject section */
		8CB0ECB427AC051B0037716B /* Project object */ = {
			isa = PBXProject;
			attributes = {
				BuildIndependentTargetsInParallel = 1;
				LastSwiftUpdateCheck = 1310;
				LastUpgradeCheck = 1310;
				TargetAttributes = {
					8CB0ECBB27AC051B0037716B = {
						CreatedOnToolsVersion = 13.1;
					};
				};
			};
			buildConfigurationList = 8CB0ECB727AC051B0037716B /* Build configuration list for PBXProject "Home Work 3.5. Lists" */;
			compatibilityVersion = "Xcode 13.0";
			developmentRegion = en;
			hasScannedForEncodings = 0;
			knownRegions = (
				en,
				Base,
			);
			mainGroup = 8CB0ECB327AC051B0037716B;
			productRefGroup = 8CB0ECBD27AC051B0037716B /* Products */;
			projectDirPath = "";
			projectRoot = "";
			targets = (
				8CB0ECBB27AC051B0037716B /* Home Work 3.5. Lists */,
			);
		};
/* End PBXProject section */

/* Begin PBXResourcesBuildPhase section */
		8CB0ECBA27AC051B0037716B /* Resources */ = {
			isa = PBXResourcesBuildPhase;
			buildActionMask = 2147483647;
			files = (
				8CB0ECC727AC05220037716B /* Preview Assets.xcassets in Resources */,
				8CB0ECC427AC05220037716B /* Assets.xcassets in Resources */,
			);
			runOnlyForDeploymentPostprocessing = 0;
		};
/* End PBXResourcesBuildPhase section */

/* Begin PBXSourcesBuildPhase section */
		8CB0ECB827AC051B0037716B /* Sources */ = {
			isa = PBXSourcesBuildPhase;
			buildActionMask = 2147483647;
			files = (
				8CF4C3FF27AC7F0100EE1240 /* ContactListInfoView.swift in Sources */,
				8CB0ECC227AC051B0037716B /* ContentView.swift in Sources */,
				8CB0ECD227AC0CD80037716B /* PersonsListView.swift in Sources */,
				8CB0ECCE27AC06740037716B /* DataManager.swift in Sources */,
				8CB0ECD027AC07950037716B /* Person.swift in Sources */,
				8CEA4F7A27AD354F0077E286 /* DetailInfoRowView.swift in Sources */,
				8CB0ECC027AC051B0037716B /* Home_Work_3_5__ListsApp.swift in Sources */,
				8C3DCD9B27AD57D60061E723 /* SectionContactListView.swift in Sources */,
			);
			runOnlyForDeploymentPostprocessing = 0;
		};
/* End PBXSourcesBuildPhase section */

/* Begin XCBuildConfiguration section */
		8CB0ECC827AC05220037716B /* Debug */ = {
			isa = XCBuildConfiguration;
			buildSettings = {
				ALWAYS_SEARCH_USER_PATHS = NO;
				CLANG_ANALYZER_NONNULL = YES;
				CLANG_ANALYZER_NUMBER_OBJECT_CONVERSION = YES_AGGRESSIVE;
				CLANG_CXX_LANGUAGE_STANDARD = "gnu++17";
				CLANG_CXX_LIBRARY = "libc++";
				CLANG_ENABLE_MODULES = YES;
				CLANG_ENABLE_OBJC_ARC = YES;
				CLANG_ENABLE_OBJC_WEAK = YES;
				CLANG_WARN_BLOCK_CAPTURE_AUTORELEASING = YES;
				CLANG_WARN_BOOL_CONVERSION = YES;
				CLANG_WARN_COMMA = YES;
				CLANG_WARN_CONSTANT_CONVERSION = YES;
				CLANG_WARN_DEPRECATED_OBJC_IMPLEMENTATIONS = YES;
				CLANG_WARN_DIRECT_OBJC_ISA_USAGE = YES_ERROR;
				CLANG_WARN_DOCUMENTATION_COMMENTS = YES;
				CLANG_WARN_EMPTY_BODY = YES;
				CLANG_WARN_ENUM_CONVERSION = YES;
				CLANG_WARN_INFINITE_RECURSION = YES;
				CLANG_WARN_INT_CONVERSION = YES;
				CLANG_WARN_NON_LITERAL_NULL_CONVERSION = YES;
				CLANG_WARN_OBJC_IMPLICIT_RETAIN_SELF = YES;
				CLANG_WARN_OBJC_LITERAL_CONVERSION = YES;
				CLANG_WARN_OBJC_ROOT_CLASS = YES_ERROR;
				CLANG_WARN_QUOTED_INCLUDE_IN_FRAMEWORK_HEADER = YES;
				CLANG_WARN_RANGE_LOOP_ANALYSIS = YES;
				CLANG_WARN_STRICT_PROTOTYPES = YES;
				CLANG_WARN_SUSPICIOUS_MOVE = YES;
				CLANG_WARN_UNGUARDED_AVAILABILITY = YES_AGGRESSIVE;
				CLANG_WARN_UNREACHABLE_CODE = YES;
				CLANG_WARN__DUPLICATE_METHOD_MATCH = YES;
				COPY_PHASE_STRIP = NO;
				DEBUG_INFORMATION_FORMAT = dwarf;
				ENABLE_STRICT_OBJC_MSGSEND = YES;
				ENABLE_TESTABILITY = YES;
				GCC_C_LANGUAGE_STANDARD = gnu11;
				GCC_DYNAMIC_NO_PIC = NO;
				GCC_NO_COMMON_BLOCKS = YES;
				GCC_OPTIMIZATION_LEVEL = 0;
				GCC_PREPROCESSOR_DEFINITIONS = (
					"DEBUG=1",
					"$(inherited)",
				);
				GCC_WARN_64_TO_32_BIT_CONVERSION = YES;
				GCC_WARN_ABOUT_RETURN_TYPE = YES_ERROR;
				GCC_WARN_UNDECLARED_SELECTOR = YES;
				GCC_WARN_UNINITIALIZED_AUTOS = YES_AGGRESSIVE;
				GCC_WARN_UNUSED_FUNCTION = YES;
				GCC_WARN_UNUSED_VARIABLE = YES;
				IPHONEOS_DEPLOYMENT_TARGET = 15.0;
				MTL_ENABLE_DEBUG_INFO = INCLUDE_SOURCE;
				MTL_FAST_MATH = YES;
				ONLY_ACTIVE_ARCH = YES;
				SDKROOT = iphoneos;
				SWIFT_ACTIVE_COMPILATION_CONDITIONS = DEBUG;
				SWIFT_OPTIMIZATION_LEVEL = "-Onone";
			};
			name = Debug;
		};
		8CB0ECC927AC05220037716B /* Release */ = {
			isa = XCBuildConfiguration;
			buildSettings = {
				ALWAYS_SEARCH_USER_PATHS = NO;
				CLANG_ANALYZER_NONNULL = YES;
				CLANG_ANALYZER_NUMBER_OBJECT_CONVERSION = YES_AGGRESSIVE;
				CLANG_CXX_LANGUAGE_STANDARD = "gnu++17";
				CLANG_CXX_LIBRARY = "libc++";
				CLANG_ENABLE_MODULES = YES;
				CLANG_ENABLE_OBJC_ARC = YES;
				CLANG_ENABLE_OBJC_WEAK = YES;
				CLANG_WARN_BLOCK_CAPTURE_AUTORELEASING = YES;
				CLANG_WARN_BOOL_CONVERSION = YES;
				CLANG_WARN_COMMA = YES;
				CLANG_WARN_CONSTANT_CONVERSION = YES;
				CLANG_WARN_DEPRECATED_OBJC_IMPLEMENTATIONS = YES;
				CLANG_WARN_DIRECT_OBJC_ISA_USAGE = YES_ERROR;
				CLANG_WARN_DOCUMENTATION_COMMENTS = YES;
				CLANG_WARN_EMPTY_BODY = YES;
				CLANG_WARN_ENUM_CONVERSION = YES;
				CLANG_WARN_INFINITE_RECURSION = YES;
				CLANG_WARN_INT_CONVERSION = YES;
				CLANG_WARN_NON_LITERAL_NULL_CONVERSION = YES;
				CLANG_WARN_OBJC_IMPLICIT_RETAIN_SELF = YES;
				CLANG_WARN_OBJC_LITERAL_CONVERSION = YES;
				CLANG_WARN_OBJC_ROOT_CLASS = YES_ERROR;
				CLANG_WARN_QUOTED_INCLUDE_IN_FRAMEWORK_HEADER = YES;
				CLANG_WARN_RANGE_LOOP_ANALYSIS = YES;
				CLANG_WARN_STRICT_PROTOTYPES = YES;
				CLANG_WARN_SUSPICIOUS_MOVE = YES;
				CLANG_WARN_UNGUARDED_AVAILABILITY = YES_AGGRESSIVE;
				CLANG_WARN_UNREACHABLE_CODE = YES;
				CLANG_WARN__DUPLICATE_METHOD_MATCH = YES;
				COPY_PHASE_STRIP = NO;
				DEBUG_INFORMATION_FORMAT = "dwarf-with-dsym";
				ENABLE_NS_ASSERTIONS = NO;
				ENABLE_STRICT_OBJC_MSGSEND = YES;
				GCC_C_LANGUAGE_STANDARD = gnu11;
				GCC_NO_COMMON_BLOCKS = YES;
				GCC_WARN_64_TO_32_BIT_CONVERSION = YES;
				GCC_WARN_ABOUT_RETURN_TYPE = YES_ERROR;
				GCC_WARN_UNDECLARED_SELECTOR = YES;
				GCC_WARN_UNINITIALIZED_AUTOS = YES_AGGRESSIVE;
				GCC_WARN_UNUSED_FUNCTION = YES;
				GCC_WARN_UNUSED_VARIABLE = YES;
				IPHONEOS_DEPLOYMENT_TARGET = 15.0;
				MTL_ENABLE_DEBUG_INFO = NO;
				MTL_FAST_MATH = YES;
				SDKROOT = iphoneos;
				SWIFT_COMPILATION_MODE = wholemodule;
				SWIFT_OPTIMIZATION_LEVEL = "-O";
				VALIDATE_PRODUCT = YES;
			};
			name = Release;
		};
		8CB0ECCB27AC05220037716B /* Debug */ = {
			isa = XCBuildConfiguration;
			buildSettings = {
				ASSETCATALOG_COMPILER_APPICON_NAME = AppIcon;
				ASSETCATALOG_COMPILER_GLOBAL_ACCENT_COLOR_NAME = AccentColor;
				CODE_SIGN_STYLE = Automatic;
				CURRENT_PROJECT_VERSION = 1;
				DEVELOPMENT_ASSET_PATHS = "\"Home Work 3.5. Lists/Preview Content\"";
				DEVELOPMENT_TEAM = B9L3QT35LL;
				ENABLE_PREVIEWS = YES;
				GENERATE_INFOPLIST_FILE = YES;
				INFOPLIST_KEY_UIApplicationSceneManifest_Generation = YES;
				INFOPLIST_KEY_UIApplicationSupportsIndirectInputEvents = YES;
				INFOPLIST_KEY_UILaunchScreen_Generation = YES;
				INFOPLIST_KEY_UISupportedInterfaceOrientations_iPad = "UIInterfaceOrientationPortrait UIInterfaceOrientationPortraitUpsideDown UIInterfaceOrientationLandscapeLeft UIInterfaceOrientationLandscapeRight";
				INFOPLIST_KEY_UISupportedInterfaceOrientations_iPhone = "UIInterfaceOrientationPortrait UIInterfaceOrientationLandscapeLeft UIInterfaceOrientationLandscapeRight";
				LD_RUNPATH_SEARCH_PATHS = (
					"$(inherited)",
					"@executable_path/Frameworks",
				);
				MARKETING_VERSION = 1.0;
				PRODUCT_BUNDLE_IDENTIFIER = "com.rinabexter.Home-Work-3-5--Lists";
				PRODUCT_NAME = "$(TARGET_NAME)";
				SWIFT_EMIT_LOC_STRINGS = YES;
				SWIFT_VERSION = 5.0;
				TARGETED_DEVICE_FAMILY = "1,2";
			};
			name = Debug;
		};
		8CB0ECCC27AC05220037716B /* Release */ = {
			isa = XCBuildConfiguration;
			buildSettings = {
				ASSETCATALOG_COMPILER_APPICON_NAME = AppIcon;
				ASSETCATALOG_COMPILER_GLOBAL_ACCENT_COLOR_NAME = AccentColor;
				CODE_SIGN_STYLE = Automatic;
				CURRENT_PROJECT_VERSION = 1;
				DEVELOPMENT_ASSET_PATHS = "\"Home Work 3.5. Lists/Preview Content\"";
				DEVELOPMENT_TEAM = B9L3QT35LL;
				ENABLE_PREVIEWS = YES;
				GENERATE_INFOPLIST_FILE = YES;
				INFOPLIST_KEY_UIApplicationSceneManifest_Generation = YES;
				INFOPLIST_KEY_UIApplicationSupportsIndirectInputEvents = YES;
				INFOPLIST_KEY_UILaunchScreen_Generation = YES;
				INFOPLIST_KEY_UISupportedInterfaceOrientations_iPad = "UIInterfaceOrientationPortrait UIInterfaceOrientationPortraitUpsideDown UIInterfaceOrientationLandscapeLeft UIInterfaceOrientationLandscapeRight";
				INFOPLIST_KEY_UISupportedInterfaceOrientations_iPhone = "UIInterfaceOrientationPortrait UIInterfaceOrientationLandscapeLeft UIInterfaceOrientationLandscapeRight";
				LD_RUNPATH_SEARCH_PATHS = (
					"$(inherited)",
					"@executable_path/Frameworks",
				);
				MARKETING_VERSION = 1.0;
				PRODUCT_BUNDLE_IDENTIFIER = "com.rinabexter.Home-Work-3-5--Lists";
				PRODUCT_NAME = "$(TARGET_NAME)";
				SWIFT_EMIT_LOC_STRINGS = YES;
				SWIFT_VERSION = 5.0;
				TARGETED_DEVICE_FAMILY = "1,2";
			};
			name = Release;
		};
/* End XCBuildConfiguration section */

/* Begin XCConfigurationList section */
		8CB0ECB727AC051B0037716B /* Build configuration list for PBXProject "Home Work 3.5. Lists" */ = {
			isa = XCConfigurationList;
			buildConfigurations = (
				8CB0ECC827AC05220037716B /* Debug */,
				8CB0ECC927AC05220037716B /* Release */,
			);
			defaultConfigurationIsVisible = 0;
			defaultConfigurationName = Release;
		};
		8CB0ECCA27AC05220037716B /* Build configuration list for PBXNativeTarget "Home Work 3.5. Lists" */ = {
			isa = XCConfigurationList;
			buildConfigurations = (
				8CB0ECCB27AC05220037716B /* Debug */,
				8CB0ECCC27AC05220037716B /* Release */,
			);
			defaultConfigurationIsVisible = 0;
			defaultConfigurationName = Release;
		};
/* End XCConfigurationList section */
	};
	rootObject = 8CB0ECB427AC051B0037716B /* Project object */;
}
